// !$*UTF8*$!
{
	archiveVersion = 1;
	classes = {
	};
	objectVersion = 46;
	objects = {

/* Begin PBXBuildFile section */
		0052C942027E57CEE8144947 /* Pods_Roastbook.framework in Frameworks */ = {isa = PBXBuildFile; fileRef = 3B1C2FA78EDC508161107956 /* Pods_Roastbook.framework */; };
		D48D33441E98CA4900209013 /* WebServiceHandler.swift in Sources */ = {isa = PBXBuildFile; fileRef = D48D33431E98CA4900209013 /* WebServiceHandler.swift */; };
		D48D33491E98CBFE00209013 /* Feed.swift in Sources */ = {isa = PBXBuildFile; fileRef = D48D33481E98CBFE00209013 /* Feed.swift */; };
		D48D334C1E98CC5700209013 /* FeedBusinessLayer.swift in Sources */ = {isa = PBXBuildFile; fileRef = D48D334B1E98CC5700209013 /* FeedBusinessLayer.swift */; };
		D48D334F1E98D05100209013 /* FirstViewController.swift in Sources */ = {isa = PBXBuildFile; fileRef = D48D334E1E98D05100209013 /* FirstViewController.swift */; };
		D48D33511E98D17100209013 /* FeedTableViewCell.swift in Sources */ = {isa = PBXBuildFile; fileRef = D48D33501E98D17100209013 /* FeedTableViewCell.swift */; };
		D4E24AE51E8AD86200C501E7 /* SecondViewController.swift in Sources */ = {isa = PBXBuildFile; fileRef = D4E24AE41E8AD86200C501E7 /* SecondViewController.swift */; };
		D4E24AF71E8AE78000C501E7 /* Login.storyboard in Resources */ = {isa = PBXBuildFile; fileRef = D4E24AF61E8AE77F00C501E7 /* Login.storyboard */; };
		D4E24AFA1E8AE7DD00C501E7 /* Utility.swift in Sources */ = {isa = PBXBuildFile; fileRef = D4E24AF91E8AE7DD00C501E7 /* Utility.swift */; };
		D4E24AFE1E8AE82F00C501E7 /* UserDetail.swift in Sources */ = {isa = PBXBuildFile; fileRef = D4E24AFD1E8AE82F00C501E7 /* UserDetail.swift */; };
		D4E24B001E8AE85600C501E7 /* Constants.swift in Sources */ = {isa = PBXBuildFile; fileRef = D4E24AFF1E8AE85600C501E7 /* Constants.swift */; };
		D4E24B051E8AED1000C501E7 /* SignInViewController.swift in Sources */ = {isa = PBXBuildFile; fileRef = D4E24B041E8AED1000C501E7 /* SignInViewController.swift */; };
		D4E24B071E8AED2600C501E7 /* SignUpViewController.swift in Sources */ = {isa = PBXBuildFile; fileRef = D4E24B061E8AED2600C501E7 /* SignUpViewController.swift */; };
		D4E24B0A1E8AF57300C501E7 /* Assets.xcassets in Resources */ = {isa = PBXBuildFile; fileRef = D4E24B091E8AF57300C501E7 /* Assets.xcassets */; };
		D4E24B101E8AF5AD00C501E7 /* AppDelegate.swift in Sources */ = {isa = PBXBuildFile; fileRef = D4E24B0F1E8AF5AD00C501E7 /* AppDelegate.swift */; };
		D4E24B161E8AF5C600C501E7 /* LaunchScreen.storyboard in Resources */ = {isa = PBXBuildFile; fileRef = D4E24B121E8AF5C600C501E7 /* LaunchScreen.storyboard */; };
		D4E24B171E8AF5C600C501E7 /* Main.storyboard in Resources */ = {isa = PBXBuildFile; fileRef = D4E24B141E8AF5C600C501E7 /* Main.storyboard */; };
/* End PBXBuildFile section */

/* Begin PBXFileReference section */
		3341CE4D8BA0175480BCE72C /* Pods-Roastbook.debug.xcconfig */ = {isa = PBXFileReference; includeInIndex = 1; lastKnownFileType = text.xcconfig; name = "Pods-Roastbook.debug.xcconfig"; path = "Pods/Target Support Files/Pods-Roastbook/Pods-Roastbook.debug.xcconfig"; sourceTree = "<group>"; };
		3B1C2FA78EDC508161107956 /* Pods_Roastbook.framework */ = {isa = PBXFileReference; explicitFileType = wrapper.framework; includeInIndex = 0; path = Pods_Roastbook.framework; sourceTree = BUILT_PRODUCTS_DIR; };
		BE8B3A7BB73B1ACF8AB65E17 /* Pods-Roastbook.release.xcconfig */ = {isa = PBXFileReference; includeInIndex = 1; lastKnownFileType = text.xcconfig; name = "Pods-Roastbook.release.xcconfig"; path = "Pods/Target Support Files/Pods-Roastbook/Pods-Roastbook.release.xcconfig"; sourceTree = "<group>"; };
		D48D33431E98CA4900209013 /* WebServiceHandler.swift */ = {isa = PBXFileReference; fileEncoding = 4; lastKnownFileType = sourcecode.swift; path = WebServiceHandler.swift; sourceTree = "<group>"; };
		D48D33481E98CBFE00209013 /* Feed.swift */ = {isa = PBXFileReference; fileEncoding = 4; lastKnownFileType = sourcecode.swift; path = Feed.swift; sourceTree = "<group>"; };
		D48D334B1E98CC5700209013 /* FeedBusinessLayer.swift */ = {isa = PBXFileReference; fileEncoding = 4; lastKnownFileType = sourcecode.swift; path = FeedBusinessLayer.swift; sourceTree = "<group>"; };
		D48D334E1E98D05100209013 /* FirstViewController.swift */ = {isa = PBXFileReference; fileEncoding = 4; lastKnownFileType = sourcecode.swift; path = FirstViewController.swift; sourceTree = "<group>"; };
		D48D33501E98D17100209013 /* FeedTableViewCell.swift */ = {isa = PBXFileReference; fileEncoding = 4; lastKnownFileType = sourcecode.swift; path = FeedTableViewCell.swift; sourceTree = "<group>"; };
		D4E24ADD1E8AD86200C501E7 /* Roastbook.app */ = {isa = PBXFileReference; explicitFileType = wrapper.application; includeInIndex = 0; path = Roastbook.app; sourceTree = BUILT_PRODUCTS_DIR; };
		D4E24AE41E8AD86200C501E7 /* SecondViewController.swift */ = {isa = PBXFileReference; lastKnownFileType = sourcecode.swift; path = SecondViewController.swift; sourceTree = "<group>"; };
		D4E24AF61E8AE77F00C501E7 /* Login.storyboard */ = {isa = PBXFileReference; fileEncoding = 4; lastKnownFileType = file.storyboard; path = Login.storyboard; sourceTree = "<group>"; };
		D4E24AF91E8AE7DD00C501E7 /* Utility.swift */ = {isa = PBXFileReference; fileEncoding = 4; lastKnownFileType = sourcecode.swift; path = Utility.swift; sourceTree = "<group>"; };
		D4E24AFD1E8AE82F00C501E7 /* UserDetail.swift */ = {isa = PBXFileReference; fileEncoding = 4; lastKnownFileType = sourcecode.swift; path = UserDetail.swift; sourceTree = "<group>"; };
		D4E24AFF1E8AE85600C501E7 /* Constants.swift */ = {isa = PBXFileReference; fileEncoding = 4; lastKnownFileType = sourcecode.swift; path = Constants.swift; sourceTree = "<group>"; };
		D4E24B041E8AED1000C501E7 /* SignInViewController.swift */ = {isa = PBXFileReference; fileEncoding = 4; lastKnownFileType = sourcecode.swift; path = SignInViewController.swift; sourceTree = "<group>"; };
		D4E24B061E8AED2600C501E7 /* SignUpViewController.swift */ = {isa = PBXFileReference; fileEncoding = 4; lastKnownFileType = sourcecode.swift; path = SignUpViewController.swift; sourceTree = "<group>"; };
		D4E24B091E8AF57300C501E7 /* Assets.xcassets */ = {isa = PBXFileReference; lastKnownFileType = folder.assetcatalog; path = Assets.xcassets; sourceTree = "<group>"; };
		D4E24B0C1E8AF58C00C501E7 /* Info.plist */ = {isa = PBXFileReference; fileEncoding = 4; lastKnownFileType = text.plist.xml; path = Info.plist; sourceTree = "<group>"; };
		D4E24B0F1E8AF5AD00C501E7 /* AppDelegate.swift */ = {isa = PBXFileReference; fileEncoding = 4; lastKnownFileType = sourcecode.swift; path = AppDelegate.swift; sourceTree = "<group>"; };
		D4E24B131E8AF5C600C501E7 /* Base */ = {isa = PBXFileReference; lastKnownFileType = file.storyboard; name = Base; path = LaunchScreen.storyboard; sourceTree = "<group>"; };
		D4E24B151E8AF5C600C501E7 /* Base */ = {isa = PBXFileReference; lastKnownFileType = file.storyboard; name = Base; path = Main.storyboard; sourceTree = "<group>"; };
/* End PBXFileReference section */

/* Begin PBXFrameworksBuildPhase section */
		D4E24ADA1E8AD86200C501E7 /* Frameworks */ = {
			isa = PBXFrameworksBuildPhase;
			buildActionMask = 2147483647;
			files = (
				0052C942027E57CEE8144947 /* Pods_Roastbook.framework in Frameworks */,
			);
			runOnlyForDeploymentPostprocessing = 0;
		};
/* End PBXFrameworksBuildPhase section */

/* Begin PBXGroup section */
		1511FCB8111DE564D4FA0E24 /* Frameworks */ = {
			isa = PBXGroup;
			children = (
				3B1C2FA78EDC508161107956 /* Pods_Roastbook.framework */,
			);
			name = Frameworks;
			sourceTree = "<group>";
		};
		9B83FA2FF0D41EA9A05188F9 /* Pods */ = {
			isa = PBXGroup;
			children = (
				3341CE4D8BA0175480BCE72C /* Pods-Roastbook.debug.xcconfig */,
				BE8B3A7BB73B1ACF8AB65E17 /* Pods-Roastbook.release.xcconfig */,
			);
			name = Pods;
			sourceTree = "<group>";
		};
		D48D33421E98CA4900209013 /* WebService Handler */ = {
			isa = PBXGroup;
			children = (
				D48D33431E98CA4900209013 /* WebServiceHandler.swift */,
			);
			path = "WebService Handler";
			sourceTree = "<group>";
		};
		D48D33451E98CB8400209013 /* Feed */ = {
			isa = PBXGroup;
			children = (
				D48D33481E98CBFE00209013 /* Feed.swift */,
			);
			path = Feed;
			sourceTree = "<group>";
		};
		D48D334A1E98CC4900209013 /* Business Layer */ = {
			isa = PBXGroup;
			children = (
				D48D334B1E98CC5700209013 /* FeedBusinessLayer.swift */,
			);
			path = "Business Layer";
			sourceTree = "<group>";
		};
		D48D334D1E98D05100209013 /* Feed View Controller */ = {
			isa = PBXGroup;
			children = (
				D48D334E1E98D05100209013 /* FirstViewController.swift */,
				D48D33501E98D17100209013 /* FeedTableViewCell.swift */,
			);
			path = "Feed View Controller";
			sourceTree = "<group>";
		};
		D4E24AD41E8AD86200C501E7 = {
			isa = PBXGroup;
			children = (
				D4E24ADF1E8AD86200C501E7 /* Roastbook */,
				D4E24ADE1E8AD86200C501E7 /* Products */,
				9B83FA2FF0D41EA9A05188F9 /* Pods */,
				1511FCB8111DE564D4FA0E24 /* Frameworks */,
			);
			sourceTree = "<group>";
		};
		D4E24ADE1E8AD86200C501E7 /* Products */ = {
			isa = PBXGroup;
			children = (
				D4E24ADD1E8AD86200C501E7 /* Roastbook.app */,
			);
			name = Products;
			sourceTree = "<group>";
		};
		D4E24ADF1E8AD86200C501E7 /* Roastbook */ = {
			isa = PBXGroup;
			children = (
				D48D334A1E98CC4900209013 /* Business Layer */,
				D4E24B0E1E8AF5AD00C501E7 /* App Delegate */,
				D4E24B011E8AECFF00C501E7 /* View Controller */,
				D4E24AFB1E8AE80900C501E7 /* Model */,
				D4E24AF81E8AE7C500C501E7 /* Utility */,
				D4E24AF41E8AE74500C501E7 /* Resources */,
				D4E24AE41E8AD86200C501E7 /* SecondViewController.swift */,
			);
			path = Roastbook;
			sourceTree = "<group>";
		};
		D4E24AF41E8AE74500C501E7 /* Resources */ = {
			isa = PBXGroup;
			children = (
				D4E24B0B1E8AF58C00C501E7 /* Plist */,
				D4E24B081E8AF57300C501E7 /* Images */,
				D4E24AF51E8AE74500C501E7 /* Storyboard */,
			);
			path = Resources;
			sourceTree = "<group>";
		};
		D4E24AF51E8AE74500C501E7 /* Storyboard */ = {
			isa = PBXGroup;
			children = (
				D4E24B111E8AF5C600C501E7 /* Base.lproj */,
				D4E24AF61E8AE77F00C501E7 /* Login.storyboard */,
			);
			path = Storyboard;
			sourceTree = "<group>";
		};
		D4E24AF81E8AE7C500C501E7 /* Utility */ = {
			isa = PBXGroup;
			children = (
				D48D33421E98CA4900209013 /* WebService Handler */,
				D4E24AF91E8AE7DD00C501E7 /* Utility.swift */,
				D4E24AFF1E8AE85600C501E7 /* Constants.swift */,
			);
			path = Utility;
			sourceTree = "<group>";
		};
		D4E24AFB1E8AE80900C501E7 /* Model */ = {
			isa = PBXGroup;
			children = (
				D48D33451E98CB8400209013 /* Feed */,
				D4E24AFC1E8AE80900C501E7 /* User Details */,
			);
			path = Model;
			sourceTree = "<group>";
		};
		D4E24AFC1E8AE80900C501E7 /* User Details */ = {
			isa = PBXGroup;
			children = (
				D4E24AFD1E8AE82F00C501E7 /* UserDetail.swift */,
			);
			path = "User Details";
			sourceTree = "<group>";
		};
		D4E24B011E8AECFF00C501E7 /* View Controller */ = {
			isa = PBXGroup;
			children = (
				D48D334D1E98D05100209013 /* Feed View Controller */,
				D4E24B021E8AECFF00C501E7 /* Signin view controller */,
				D4E24B031E8AECFF00C501E7 /* Signup view controller */,
			);
			path = "View Controller";
			sourceTree = "<group>";
		};
		D4E24B021E8AECFF00C501E7 /* Signin view controller */ = {
			isa = PBXGroup;
			children = (
				D4E24B041E8AED1000C501E7 /* SignInViewController.swift */,
			);
			path = "Signin view controller";
			sourceTree = "<group>";
		};
		D4E24B031E8AECFF00C501E7 /* Signup view controller */ = {
			isa = PBXGroup;
			children = (
				D4E24B061E8AED2600C501E7 /* SignUpViewController.swift */,
			);
			path = "Signup view controller";
			sourceTree = "<group>";
		};
		D4E24B081E8AF57300C501E7 /* Images */ = {
			isa = PBXGroup;
			children = (
				D4E24B091E8AF57300C501E7 /* Assets.xcassets */,
			);
			path = Images;
			sourceTree = "<group>";
		};
		D4E24B0B1E8AF58C00C501E7 /* Plist */ = {
			isa = PBXGroup;
			children = (
				D4E24B0C1E8AF58C00C501E7 /* Info.plist */,
			);
			path = Plist;
			sourceTree = "<group>";
		};
		D4E24B0E1E8AF5AD00C501E7 /* App Delegate */ = {
			isa = PBXGroup;
			children = (
				D4E24B0F1E8AF5AD00C501E7 /* AppDelegate.swift */,
			);
			path = "App Delegate";
			sourceTree = "<group>";
		};
		D4E24B111E8AF5C600C501E7 /* Base.lproj */ = {
			isa = PBXGroup;
			children = (
				D4E24B121E8AF5C600C501E7 /* LaunchScreen.storyboard */,
				D4E24B141E8AF5C600C501E7 /* Main.storyboard */,
			);
			path = Base.lproj;
			sourceTree = "<group>";
		};
/* End PBXGroup section */

/* Begin PBXNativeTarget section */
		D4E24ADC1E8AD86200C501E7 /* Roastbook */ = {
			isa = PBXNativeTarget;
			buildConfigurationList = D4E24AF11E8AD86200C501E7 /* Build configuration list for PBXNativeTarget "Roastbook" */;
			buildPhases = (
				A88698483DE6387452D46934 /* [CP] Check Pods Manifest.lock */,
				D4E24AD91E8AD86200C501E7 /* Sources */,
				D4E24ADA1E8AD86200C501E7 /* Frameworks */,
				D4E24ADB1E8AD86200C501E7 /* Resources */,
				62EB71E8B5520943D8DF0119 /* [CP] Embed Pods Frameworks */,
				6EFE6957BA45B3B06100FD05 /* [CP] Copy Pods Resources */,
			);
			buildRules = (
			);
			dependencies = (
			);
			name = Roastbook;
			productName = Roastbook;
			productReference = D4E24ADD1E8AD86200C501E7 /* Roastbook.app */;
			productType = "com.apple.product-type.application";
		};
/* End PBXNativeTarget section */

/* Begin PBXProject section */
		D4E24AD51E8AD86200C501E7 /* Project object */ = {
			isa = PBXProject;
			attributes = {
				LastSwiftUpdateCheck = 0820;
				LastUpgradeCheck = 0820;
				ORGANIZATIONNAME = "Pardeep chaudhary";
				TargetAttributes = {
					D4E24ADC1E8AD86200C501E7 = {
						CreatedOnToolsVersion = 8.2.1;
						ProvisioningStyle = Automatic;
					};
				};
			};
			buildConfigurationList = D4E24AD81E8AD86200C501E7 /* Build configuration list for PBXProject "Roastbook" */;
			compatibilityVersion = "Xcode 3.2";
			developmentRegion = English;
			hasScannedForEncodings = 0;
			knownRegions = (
				en,
				Base,
			);
			mainGroup = D4E24AD41E8AD86200C501E7;
			productRefGroup = D4E24ADE1E8AD86200C501E7 /* Products */;
			projectDirPath = "";
			projectRoot = "";
			targets = (
				D4E24ADC1E8AD86200C501E7 /* Roastbook */,
			);
		};
/* End PBXProject section */

/* Begin PBXResourcesBuildPhase section */
		D4E24ADB1E8AD86200C501E7 /* Resources */ = {
			isa = PBXResourcesBuildPhase;
			buildActionMask = 2147483647;
			files = (
				D4E24AF71E8AE78000C501E7 /* Login.storyboard in Resources */,
				D4E24B171E8AF5C600C501E7 /* Main.storyboard in Resources */,
				D4E24B161E8AF5C600C501E7 /* LaunchScreen.storyboard in Resources */,
				D4E24B0A1E8AF57300C501E7 /* Assets.xcassets in Resources */,
			);
			runOnlyForDeploymentPostprocessing = 0;
		};
/* End PBXResourcesBuildPhase section */

/* Begin PBXShellScriptBuildPhase section */
		62EB71E8B5520943D8DF0119 /* [CP] Embed Pods Frameworks */ = {
			isa = PBXShellScriptBuildPhase;
			buildActionMask = 2147483647;
			files = (
			);
			inputPaths = (
			);
			name = "[CP] Embed Pods Frameworks";
			outputPaths = (
			);
			runOnlyForDeploymentPostprocessing = 0;
			shellPath = /bin/sh;
			shellScript = "\"${SRCROOT}/Pods/Target Support Files/Pods-Roastbook/Pods-Roastbook-frameworks.sh\"\n";
			showEnvVarsInLog = 0;
		};
		6EFE6957BA45B3B06100FD05 /* [CP] Copy Pods Resources */ = {
			isa = PBXShellScriptBuildPhase;
			buildActionMask = 2147483647;
			files = (
			);
			inputPaths = (
			);
			name = "[CP] Copy Pods Resources";
			outputPaths = (
			);
			runOnlyForDeploymentPostprocessing = 0;
			shellPath = /bin/sh;
			shellScript = "\"${SRCROOT}/Pods/Target Support Files/Pods-Roastbook/Pods-Roastbook-resources.sh\"\n";
			showEnvVarsInLog = 0;
		};
		A88698483DE6387452D46934 /* [CP] Check Pods Manifest.lock */ = {
			isa = PBXShellScriptBuildPhase;
			buildActionMask = 2147483647;
			files = (
			);
			inputPaths = (
			);
			name = "[CP] Check Pods Manifest.lock";
			outputPaths = (
			);
			runOnlyForDeploymentPostprocessing = 0;
			shellPath = /bin/sh;
			shellScript = "diff \"${PODS_ROOT}/../Podfile.lock\" \"${PODS_ROOT}/Manifest.lock\" > /dev/null\nif [ $? != 0 ] ; then\n    # print error to STDERR\n    echo \"error: The sandbox is not in sync with the Podfile.lock. Run 'pod install' or update your CocoaPods installation.\" >&2\n    exit 1\nfi\n";
			showEnvVarsInLog = 0;
		};
/* End PBXShellScriptBuildPhase section */

/* Begin PBXSourcesBuildPhase section */
		D4E24AD91E8AD86200C501E7 /* Sources */ = {
			isa = PBXSourcesBuildPhase;
			buildActionMask = 2147483647;
			files = (
				D4E24B101E8AF5AD00C501E7 /* AppDelegate.swift in Sources */,
				D48D33511E98D17100209013 /* FeedTableViewCell.swift in Sources */,
				D48D33491E98CBFE00209013 /* Feed.swift in Sources */,
				D48D334C1E98CC5700209013 /* FeedBusinessLayer.swift in Sources */,
				D48D334F1E98D05100209013 /* FirstViewController.swift in Sources */,
				D48D33441E98CA4900209013 /* WebServiceHandler.swift in Sources */,
				D4E24B051E8AED1000C501E7 /* SignInViewController.swift in Sources */,
				D4E24AFA1E8AE7DD00C501E7 /* Utility.swift in Sources */,
				D4E24B071E8AED2600C501E7 /* SignUpViewController.swift in Sources */,
				D4E24AE51E8AD86200C501E7 /* SecondViewController.swift in Sources */,
				D4E24AFE1E8AE82F00C501E7 /* UserDetail.swift in Sources */,
				D4E24B001E8AE85600C501E7 /* Constants.swift in Sources */,
			);
			runOnlyForDeploymentPostprocessing = 0;
		};
/* End PBXSourcesBuildPhase section */

/* Begin PBXVariantGroup section */
		D4E24B121E8AF5C600C501E7 /* LaunchScreen.storyboard */ = {
			isa = PBXVariantGroup;
			children = (
				D4E24B131E8AF5C600C501E7 /* Base */,
			);
			name = LaunchScreen.storyboard;
			sourceTree = "<group>";
		};
		D4E24B141E8AF5C600C501E7 /* Main.storyboard */ = {
			isa = PBXVariantGroup;
			children = (
				D4E24B151E8AF5C600C501E7 /* Base */,
			);
			name = Main.storyboard;
			sourceTree = "<group>";
		};
/* End PBXVariantGroup section */

/* Begin XCBuildConfiguration section */
		D4E24AEF1E8AD86200C501E7 /* Debug */ = {
			isa = XCBuildConfiguration;
			buildSettings = {
				ALWAYS_SEARCH_USER_PATHS = NO;
				CLANG_ANALYZER_NONNULL = YES;
				CLANG_CXX_LANGUAGE_STANDARD = "gnu++0x";
				CLANG_CXX_LIBRARY = "libc++";
				CLANG_ENABLE_MODULES = YES;
				CLANG_ENABLE_OBJC_ARC = YES;
				CLANG_WARN_BOOL_CONVERSION = YES;
				CLANG_WARN_CONSTANT_CONVERSION = YES;
				CLANG_WARN_DIRECT_OBJC_ISA_USAGE = YES_ERROR;
				CLANG_WARN_DOCUMENTATION_COMMENTS = YES;
				CLANG_WARN_EMPTY_BODY = YES;
				CLANG_WARN_ENUM_CONVERSION = YES;
				CLANG_WARN_INFINITE_RECURSION = YES;
				CLANG_WARN_INT_CONVERSION = YES;
				CLANG_WARN_OBJC_ROOT_CLASS = YES_ERROR;
				CLANG_WARN_SUSPICIOUS_MOVE = YES;
				CLANG_WARN_UNREACHABLE_CODE = YES;
				CLANG_WARN__DUPLICATE_METHOD_MATCH = YES;
				"CODE_SIGN_IDENTITY[sdk=iphoneos*]" = "iPhone Developer";
				COPY_PHASE_STRIP = NO;
				DEBUG_INFORMATION_FORMAT = dwarf;
				ENABLE_STRICT_OBJC_MSGSEND = YES;
				ENABLE_TESTABILITY = YES;
				GCC_C_LANGUAGE_STANDARD = gnu99;
				GCC_DYNAMIC_NO_PIC = NO;
				GCC_NO_COMMON_BLOCKS = YES;
				GCC_OPTIMIZATION_LEVEL = 0;
				GCC_PREPROCESSOR_DEFINITIONS = (
					"DEBUG=1",
					"$(inherited)",
				);
				GCC_WARN_64_TO_32_BIT_CONVERSION = YES;
				GCC_WARN_ABOUT_RETURN_TYPE = YES_ERROR;
				GCC_WARN_UNDECLARED_SELECTOR = YES;
				GCC_WARN_UNINITIALIZED_AUTOS = YES_AGGRESSIVE;
				GCC_WARN_UNUSED_FUNCTION = YES;
				GCC_WARN_UNUSED_VARIABLE = YES;
				IPHONEOS_DEPLOYMENT_TARGET = 10.2;
				MTL_ENABLE_DEBUG_INFO = YES;
				ONLY_ACTIVE_ARCH = YES;
				SDKROOT = iphoneos;
				SWIFT_ACTIVE_COMPILATION_CONDITIONS = DEBUG;
				SWIFT_OPTIMIZATION_LEVEL = "-Onone";
			};
			name = Debug;
		};
		D4E24AF01E8AD86200C501E7 /* Release */ = {
			isa = XCBuildConfiguration;
			buildSettings = {
				ALWAYS_SEARCH_USER_PATHS = NO;
				CLANG_ANALYZER_NONNULL = YES;
				CLANG_CXX_LANGUAGE_STANDARD = "gnu++0x";
				CLANG_CXX_LIBRARY = "libc++";
				CLANG_ENABLE_MODULES = YES;
				CLANG_ENABLE_OBJC_ARC = YES;
				CLANG_WARN_BOOL_CONVERSION = YES;
				CLANG_WARN_CONSTANT_CONVERSION = YES;
				CLANG_WARN_DIRECT_OBJC_ISA_USAGE = YES_ERROR;
				CLANG_WARN_DOCUMENTATION_COMMENTS = YES;
				CLANG_WARN_EMPTY_BODY = YES;
				CLANG_WARN_ENUM_CONVERSION = YES;
				CLANG_WARN_INFINITE_RECURSION = YES;
				CLANG_WARN_INT_CONVERSION = YES;
				CLANG_WARN_OBJC_ROOT_CLASS = YES_ERROR;
				CLANG_WARN_SUSPICIOUS_MOVE = YES;
				CLANG_WARN_UNREACHABLE_CODE = YES;
				CLANG_WARN__DUPLICATE_METHOD_MATCH = YES;
				"CODE_SIGN_IDENTITY[sdk=iphoneos*]" = "iPhone Developer";
				COPY_PHASE_STRIP = NO;
				DEBUG_INFORMATION_FORMAT = "dwarf-with-dsym";
				ENABLE_NS_ASSERTIONS = NO;
				ENABLE_STRICT_OBJC_MSGSEND = YES;
				GCC_C_LANGUAGE_STANDARD = gnu99;
				GCC_NO_COMMON_BLOCKS = YES;
				GCC_WARN_64_TO_32_BIT_CONVERSION = YES;
				GCC_WARN_ABOUT_RETURN_TYPE = YES_ERROR;
				GCC_WARN_UNDECLARED_SELECTOR = YES;
				GCC_WARN_UNINITIALIZED_AUTOS = YES_AGGRESSIVE;
				GCC_WARN_UNUSED_FUNCTION = YES;
				GCC_WARN_UNUSED_VARIABLE = YES;
				IPHONEOS_DEPLOYMENT_TARGET = 10.2;
				MTL_ENABLE_DEBUG_INFO = NO;
				SDKROOT = iphoneos;
				SWIFT_OPTIMIZATION_LEVEL = "-Owholemodule";
				VALIDATE_PRODUCT = YES;
			};
			name = Release;
		};
		D4E24AF21E8AD86200C501E7 /* Debug */ = {
			isa = XCBuildConfiguration;
			baseConfigurationReference = 3341CE4D8BA0175480BCE72C /* Pods-Roastbook.debug.xcconfig */;
			buildSettings = {
				ALWAYS_EMBED_SWIFT_STANDARD_LIBRARIES = YES;
				ASSETCATALOG_COMPILER_APPICON_NAME = AppIcon;
				INFOPLIST_FILE = "$(SRCROOT)/Roastbook/Resources/Plist/Info.plist";
				IPHONEOS_DEPLOYMENT_TARGET = 8.0;
				LD_RUNPATH_SEARCH_PATHS = "$(inherited) @executable_path/Frameworks";
				PRODUCT_BUNDLE_IDENTIFIER = com.programmingcrew.Roastbook;
				PRODUCT_NAME = "$(TARGET_NAME)";
				SWIFT_VERSION = 3.0;
			};
			name = Debug;
		};
		D4E24AF31E8AD86200C501E7 /* Release */ = {
			isa = XCBuildConfiguration;
			baseConfigurationReference = BE8B3A7BB73B1ACF8AB65E17 /* Pods-Roastbook.release.xcconfig */;
			buildSettings = {
				ALWAYS_EMBED_SWIFT_STANDARD_LIBRARIES = YES;
				ASSETCATALOG_COMPILER_APPICON_NAME = AppIcon;
				INFOPLIST_FILE = "$(SRCROOT)/Roastbook/Resources/Plist/Info.plist";
				IPHONEOS_DEPLOYMENT_TARGET = 8.0;
				LD_RUNPATH_SEARCH_PATHS = "$(inherited) @executable_path/Frameworks";
				PRODUCT_BUNDLE_IDENTIFIER = com.programmingcrew.Roastbook;
				PRODUCT_NAME = "$(TARGET_NAME)";
				SWIFT_VERSION = 3.0;
			};
			name = Release;
		};
/* End XCBuildConfiguration section */

/* Begin XCConfigurationList section */
		D4E24AD81E8AD86200C501E7 /* Build configuration list for PBXProject "Roastbook" */ = {
			isa = XCConfigurationList;
			buildConfigurations = (
				D4E24AEF1E8AD86200C501E7 /* Debug */,
				D4E24AF01E8AD86200C501E7 /* Release */,
			);
			defaultConfigurationIsVisible = 0;
			defaultConfigurationName = Release;
		};
		D4E24AF11E8AD86200C501E7 /* Build configuration list for PBXNativeTarget "Roastbook" */ = {
			isa = XCConfigurationList;
			buildConfigurations = (
				D4E24AF21E8AD86200C501E7 /* Debug */,
				D4E24AF31E8AD86200C501E7 /* Release */,
			);
			defaultConfigurationIsVisible = 0;
			defaultConfigurationName = Release;
		};
/* End XCConfigurationList section */
	};
	rootObject = D4E24AD51E8AD86200C501E7 /* Project object */;
}
