PODS:
  - Alamofire (4.4.0)
  - AlamofireImage (3.2.0):
    - Alamofire (~> 4.1)
  - Reactions (1.1.1)

DEPENDENCIES:
  - Alamofire (~> 4.0)
  - AlamofireImage
  - Reactions (~> 1.1.1)

SPEC CHECKSUMS:
  Alamofire: dc44b1600b800eb63da6a19039a0083d62a6a62d
  AlamofireImage: 157ed682cc81d3b9db4fb90c1f12180ac552d93b
  Reactions: cd5ef33d43191125297e792d7c18dd2385a4aa98

PODFILE CHECKSUM: 6f2dbf8a9d8f1127ad648c0c5b336bb5727aadfa

COCOAPODS: 1.1.1
